
Microsoft Visual Studio Solution File, Format Version 12.00
# Visual Studio Version 17
VisualStudioVersion = 17.3.32929.385
MinimumVisualStudioVersion = 10.0.40219.1
Project("{9A19103F-16F7-4668-BE54-9A1E7A4F7556}") = "ECommerce.WebApp", "ECommerce.WebApp\ECommerce.WebApp.csproj", "{D3E4C853-730E-4F8B-AAFA-1776E21B349D}"
EndProject
Project("{9A19103F-16F7-4668-BE54-9A1E7A4F7556}") = "ECommerce.Data", "ECommerce.Data\ECommerce.Data.csproj", "{8C56175F-7417-4945-BD8D-81CE7317BFC0}"
EndProject
Project("{9A19103F-16F7-4668-BE54-9A1E7A4F7556}") = "ECommerce.Application", "ECommerce.Application\ECommerce.Application.csproj", "{25F2FE10-6B7E-4BA6-8FDA-6272F58A8133}"
EndProject
Project("{2150E333-8FDC-42A3-9474-1A3956D46DE8}") = "3.Host", "3.Host", "{30282674-BB09-44AA-8FC6-661C2E567ED1}"
EndProject
Project("{2150E333-8FDC-42A3-9474-1A3956D46DE8}") = "1.Infrastructure", "1.Infrastructure", "{BCAB935A-2428-4381-BFBF-9520945CC6AC}"
EndProject
Project("{2150E333-8FDC-42A3-9474-1A3956D46DE8}") = "2.Domain", "2.Domain", "{F10AD203-F23E-4D11-9FB1-0E7804752E26}"
EndProject
Project("{9A19103F-16F7-4668-BE54-9A1E7A4F7556}") = "ECommerce.Dtos", "ECommerce.Dtos\ECommerce.Dtos.csproj", "{F5A9F41B-8B58-4097-BEE9-D250793011F6}"
EndProject
Project("{FAE04EC0-301F-11D3-BF4B-00C04F79EFBC}") = "ECommerce.Utilities", "ECommerce.Utilities\ECommerce.Utilities.csproj", "{586D8D3C-D4F5-4EF8-BE38-E41FC6C32910}"
EndProject
Global
	GlobalSection(SolutionConfigurationPlatforms) = preSolution
		Debug|Any CPU = Debug|Any CPU
		Release|Any CPU = Release|Any CPU
	EndGlobalSection
	GlobalSection(ProjectConfigurationPlatforms) = postSolution
		{D3E4C853-730E-4F8B-AAFA-1776E21B349D}.Debug|Any CPU.ActiveCfg = Debug|Any CPU
		{D3E4C853-730E-4F8B-AAFA-1776E21B349D}.Debug|Any CPU.Build.0 = Debug|Any CPU
		{D3E4C853-730E-4F8B-AAFA-1776E21B349D}.Release|Any CPU.ActiveCfg = Release|Any CPU
		{D3E4C853-730E-4F8B-AAFA-1776E21B349D}.Release|Any CPU.Build.0 = Release|Any CPU
		{8C56175F-7417-4945-BD8D-81CE7317BFC0}.Debug|Any CPU.ActiveCfg = Debug|Any CPU
		{8C56175F-7417-4945-BD8D-81CE7317BFC0}.Debug|Any CPU.Build.0 = Debug|Any CPU
		{8C56175F-7417-4945-BD8D-81CE7317BFC0}.Release|Any CPU.ActiveCfg = Release|Any CPU
		{8C56175F-7417-4945-BD8D-81CE7317BFC0}.Release|Any CPU.Build.0 = Release|Any CPU
		{25F2FE10-6B7E-4BA6-8FDA-6272F58A8133}.Debug|Any CPU.ActiveCfg = Debug|Any CPU
		{25F2FE10-6B7E-4BA6-8FDA-6272F58A8133}.Debug|Any CPU.Build.0 = Debug|Any CPU
		{25F2FE10-6B7E-4BA6-8FDA-6272F58A8133}.Release|Any CPU.ActiveCfg = Release|Any CPU
		{25F2FE10-6B7E-4BA6-8FDA-6272F58A8133}.Release|Any CPU.Build.0 = Release|Any CPU
		{F5A9F41B-8B58-4097-BEE9-D250793011F6}.Debug|Any CPU.ActiveCfg = Debug|Any CPU
		{F5A9F41B-8B58-4097-BEE9-D250793011F6}.Debug|Any CPU.Build.0 = Debug|Any CPU
		{F5A9F41B-8B58-4097-BEE9-D250793011F6}.Release|Any CPU.ActiveCfg = Release|Any CPU
		{F5A9F41B-8B58-4097-BEE9-D250793011F6}.Release|Any CPU.Build.0 = Release|Any CPU
		{586D8D3C-D4F5-4EF8-BE38-E41FC6C32910}.Debug|Any CPU.ActiveCfg = Debug|Any CPU
		{586D8D3C-D4F5-4EF8-BE38-E41FC6C32910}.Debug|Any CPU.Build.0 = Debug|Any CPU
		{586D8D3C-D4F5-4EF8-BE38-E41FC6C32910}.Release|Any CPU.ActiveCfg = Release|Any CPU
		{586D8D3C-D4F5-4EF8-BE38-E41FC6C32910}.Release|Any CPU.Build.0 = Release|Any CPU
	EndGlobalSection
	GlobalSection(SolutionProperties) = preSolution
		HideSolutionNode = FALSE
	EndGlobalSection
	GlobalSection(NestedProjects) = preSolution
		{D3E4C853-730E-4F8B-AAFA-1776E21B349D} = {30282674-BB09-44AA-8FC6-661C2E567ED1}
		{8C56175F-7417-4945-BD8D-81CE7317BFC0} = {F10AD203-F23E-4D11-9FB1-0E7804752E26}
		{25F2FE10-6B7E-4BA6-8FDA-6272F58A8133} = {F10AD203-F23E-4D11-9FB1-0E7804752E26}
		{F5A9F41B-8B58-4097-BEE9-D250793011F6} = {BCAB935A-2428-4381-BFBF-9520945CC6AC}
		{586D8D3C-D4F5-4EF8-BE38-E41FC6C32910} = {BCAB935A-2428-4381-BFBF-9520945CC6AC}
	EndGlobalSection
	GlobalSection(ExtensibilityGlobals) = postSolution
		SolutionGuid = {8AFD3FEA-FF5B-4E12-9E99-78B40BA05357}
	EndGlobalSection
EndGlobal
